
Microsoft Visual Studio Solution File, Format Version 12.00
# Visual Studio Version 16
VisualStudioVersion = 16.0.30804.86
MinimumVisualStudioVersion = 10.0.40219.1
Project("{8BC9CEB8-8B4A-11D0-8D11-00A0C91BC942}") = "Lesson_04_02_2020", "Lesson_04_02_2020.vcxproj", "{C8163CEC-7266-46C4-91E8-4053E9A6CD9A}"
EndProject
Global
	GlobalSection(SolutionConfigurationPlatforms) = preSolution
		Debug|x64 = Debug|x64
		Debug|x86 = Debug|x86
		Release|x64 = Release|x64
		Release|x86 = Release|x86
	EndGlobalSection
	GlobalSection(ProjectConfigurationPlatforms) = postSolution
		{C8163CEC-7266-46C4-91E8-4053E9A6CD9A}.Debug|x64.ActiveCfg = Debug|x64
		{C8163CEC-7266-46C4-91E8-4053E9A6CD9A}.Debug|x64.Build.0 = Debug|x64
		{C8163CEC-7266-46C4-91E8-4053E9A6CD9A}.Debug|x86.ActiveCfg = Debug|Win32
		{C8163CEC-7266-46C4-91E8-4053E9A6CD9A}.Debug|x86.Build.0 = Debug|Win32
		{C8163CEC-7266-46C4-91E8-4053E9A6CD9A}.Release|x64.ActiveCfg = Release|x64
		{C8163CEC-7266-46C4-91E8-4053E9A6CD9A}.Release|x64.Build.0 = Release|x64
		{C8163CEC-7266-46C4-91E8-4053E9A6CD9A}.Release|x86.ActiveCfg = Release|Win32
		{C8163CEC-7266-46C4-91E8-4053E9A6CD9A}.Release|x86.Build.0 = Release|Win32
	EndGlobalSection
	GlobalSection(SolutionProperties) = preSolution
		HideSolutionNode = FALSE
	EndGlobalSection
	GlobalSection(ExtensibilityGlobals) = postSolution
		SolutionGuid = {6741C6C0-8FF9-485B-9962-2C1951E9C78B}
	EndGlobalSection
EndGlobal
