
Microsoft Visual Studio Solution File, Format Version 12.00
# Visual Studio Version 16
VisualStudioVersion = 16.0.30804.86
MinimumVisualStudioVersion = 10.0.40219.1
Project("{8BC9CEB8-8B4A-11D0-8D11-00A0C91BC942}") = "Lesson_28_01_21", "Lesson_28_01_21.vcxproj", "{17A7C5B6-A3D8-40AF-B919-5031DB79824C}"
EndProject
Global
	GlobalSection(SolutionConfigurationPlatforms) = preSolution
		Debug|x64 = Debug|x64
		Debug|x86 = Debug|x86
		Release|x64 = Release|x64
		Release|x86 = Release|x86
	EndGlobalSection
	GlobalSection(ProjectConfigurationPlatforms) = postSolution
		{17A7C5B6-A3D8-40AF-B919-5031DB79824C}.Debug|x64.ActiveCfg = Debug|x64
		{17A7C5B6-A3D8-40AF-B919-5031DB79824C}.Debug|x64.Build.0 = Debug|x64
		{17A7C5B6-A3D8-40AF-B919-5031DB79824C}.Debug|x86.ActiveCfg = Debug|Win32
		{17A7C5B6-A3D8-40AF-B919-5031DB79824C}.Debug|x86.Build.0 = Debug|Win32
		{17A7C5B6-A3D8-40AF-B919-5031DB79824C}.Release|x64.ActiveCfg = Release|x64
		{17A7C5B6-A3D8-40AF-B919-5031DB79824C}.Release|x64.Build.0 = Release|x64
		{17A7C5B6-A3D8-40AF-B919-5031DB79824C}.Release|x86.ActiveCfg = Release|Win32
		{17A7C5B6-A3D8-40AF-B919-5031DB79824C}.Release|x86.Build.0 = Release|Win32
	EndGlobalSection
	GlobalSection(SolutionProperties) = preSolution
		HideSolutionNode = FALSE
	EndGlobalSection
	GlobalSection(ExtensibilityGlobals) = postSolution
		SolutionGuid = {DDAD2C52-FC88-46D9-92DF-E5CDA0A82820}
	EndGlobalSection
EndGlobal
